
Microsoft Visual Studio Solution File, Format Version 12.00
# Visual Studio 15
VisualStudioVersion = 15.0.28307.489
MinimumVisualStudioVersion = 10.0.40219.1
Project("{FAE04EC0-301F-11D3-BF4B-00C04F79EFBC}") = "Guia 0 - Ej6.3", "Guia 0 - Ej6.3\Guia 0 - Ej6.3.csproj", "{B98A92BB-4F2F-4400-86B0-B0DB75F30DA1}"
EndProject
Global
	GlobalSection(SolutionConfigurationPlatforms) = preSolution
		Debug|Any CPU = Debug|Any CPU
		Release|Any CPU = Release|Any CPU
	EndGlobalSection
	GlobalSection(ProjectConfigurationPlatforms) = postSolution
		{B98A92BB-4F2F-4400-86B0-B0DB75F30DA1}.Debug|Any CPU.ActiveCfg = Debug|Any CPU
		{B98A92BB-4F2F-4400-86B0-B0DB75F30DA1}.Debug|Any CPU.Build.0 = Debug|Any CPU
		{B98A92BB-4F2F-4400-86B0-B0DB75F30DA1}.Release|Any CPU.ActiveCfg = Release|Any CPU
		{B98A92BB-4F2F-4400-86B0-B0DB75F30DA1}.Release|Any CPU.Build.0 = Release|Any CPU
	EndGlobalSection
	GlobalSection(SolutionProperties) = preSolution
		HideSolutionNode = FALSE
	EndGlobalSection
	GlobalSection(ExtensibilityGlobals) = postSolution
		SolutionGuid = {8B5F5886-060A-42DD-A87B-F7A42015BA6E}
	EndGlobalSection
EndGlobal
